
Microsoft Visual Studio Solution File, Format Version 12.00
# Visual Studio Version 16
VisualStudioVersion = 16.0.31410.357
MinimumVisualStudioVersion = 10.0.40219.1
Project("{FAE04EC0-301F-11D3-BF4B-00C04F79EFBC}") = "PBOToMPMissions", "PBOToMPMissions\PBOToMPMissions.csproj", "{AFA1D2A2-7439-407E-AB91-CD401D875C81}"
EndProject
Global
	GlobalSection(SolutionConfigurationPlatforms) = preSolution
		Debug|Any CPU = Debug|Any CPU
		Release|Any CPU = Release|Any CPU
	EndGlobalSection
	GlobalSection(ProjectConfigurationPlatforms) = postSolution
		{AFA1D2A2-7439-407E-AB91-CD401D875C81}.Debug|Any CPU.ActiveCfg = Debug|Any CPU
		{AFA1D2A2-7439-407E-AB91-CD401D875C81}.Debug|Any CPU.Build.0 = Debug|Any CPU
		{AFA1D2A2-7439-407E-AB91-CD401D875C81}.Release|Any CPU.ActiveCfg = Release|Any CPU
		{AFA1D2A2-7439-407E-AB91-CD401D875C81}.Release|Any CPU.Build.0 = Release|Any CPU
	EndGlobalSection
	GlobalSection(SolutionProperties) = preSolution
		HideSolutionNode = FALSE
	EndGlobalSection
	GlobalSection(ExtensibilityGlobals) = postSolution
		SolutionGuid = {36D25772-E727-4D8F-82C5-E5BA774C07CF}
	EndGlobalSection
EndGlobal
